
Microsoft Visual Studio Solution File, Format Version 12.00
# Visual Studio Version 17
VisualStudioVersion = 17.0.31919.166
MinimumVisualStudioVersion = 10.0.40219.1
Project("{FAE04EC0-301F-11D3-BF4B-00C04F79EFBC}") = "TextStore", "TextStore\TextStore.csproj", "{6AC8B03F-83D1-4162-A939-01BB51015787}"
EndProject
Global
	GlobalSection(SolutionConfigurationPlatforms) = preSolution
		Debug|Any CPU = Debug|Any CPU
		Release|Any CPU = Release|Any CPU
	EndGlobalSection
	GlobalSection(ProjectConfigurationPlatforms) = postSolution
		{6AC8B03F-83D1-4162-A939-01BB51015787}.Debug|Any CPU.ActiveCfg = Debug|Any CPU
		{6AC8B03F-83D1-4162-A939-01BB51015787}.Debug|Any CPU.Build.0 = Debug|Any CPU
		{6AC8B03F-83D1-4162-A939-01BB51015787}.Release|Any CPU.ActiveCfg = Release|Any CPU
		{6AC8B03F-83D1-4162-A939-01BB51015787}.Release|Any CPU.Build.0 = Release|Any CPU
	EndGlobalSection
	GlobalSection(SolutionProperties) = preSolution
		HideSolutionNode = FALSE
	EndGlobalSection
	GlobalSection(ExtensibilityGlobals) = postSolution
		SolutionGuid = {6934C030-FF5B-4AD9-86FC-000B58AAB02C}
	EndGlobalSection
EndGlobal
